
Microsoft Visual Studio Solution File, Format Version 12.00
# Visual Studio Version 17
VisualStudioVersion = 17.13.35931.197 d17.13
MinimumVisualStudioVersion = 10.0.40219.1
Project("{FAE04EC0-301F-11D3-BF4B-00C04F79EFBC}") = "CasinoConsole", "CasinoConsole\CasinoConsole.csproj", "{30F72317-15FD-4F4E-B67C-59B7ADEBA0CA}"
EndProject
Global
	GlobalSection(SolutionConfigurationPlatforms) = preSolution
		Debug|Any CPU = Debug|Any CPU
		Release|Any CPU = Release|Any CPU
	EndGlobalSection
	GlobalSection(ProjectConfigurationPlatforms) = postSolution
		{30F72317-15FD-4F4E-B67C-59B7ADEBA0CA}.Debug|Any CPU.ActiveCfg = Debug|Any CPU
		{30F72317-15FD-4F4E-B67C-59B7ADEBA0CA}.Debug|Any CPU.Build.0 = Debug|Any CPU
		{30F72317-15FD-4F4E-B67C-59B7ADEBA0CA}.Release|Any CPU.ActiveCfg = Release|Any CPU
		{30F72317-15FD-4F4E-B67C-59B7ADEBA0CA}.Release|Any CPU.Build.0 = Release|Any CPU
	EndGlobalSection
	GlobalSection(SolutionProperties) = preSolution
		HideSolutionNode = FALSE
	EndGlobalSection
	GlobalSection(ExtensibilityGlobals) = postSolution
		SolutionGuid = {D6612EB2-6690-437F-9ACE-F1EADCABC357}
	EndGlobalSection
EndGlobal
